{
  "name": "P12-testeur-logiciel-portfolio-master",
  "lockfileVersion": 3,
  "requires": true,
  "packages": {
    "": {
      "dependencies": {
        "lottie-minify": "^0.1.11",
        "lottie-web": "^5.12.2"
      }
    },
    "node_modules/lottie-minify": {
      "version": "0.1.11",
      "resolved": "https://registry.npmjs.org/lottie-minify/-/lottie-minify-0.1.11.tgz",
      "integrity": "sha512-iAxyMv04oebCUpn4wSVu2VBKzYSqGQiiX0CP4STNGCe4z7ekcHTyv/U2Yn9q61dLHR49PXjfPMD1zqJoSYX0Hw==",
      "license": "MIT",
      "dependencies": {
        "lottie-type": "0.1.9"
      },
      "engines": {
        "node": ">=10"
      }
    },
    "node_modules/lottie-type": {
      "version": "0.1.9",
      "resolved": "https://registry.npmjs.org/lottie-type/-/lottie-type-0.1.9.tgz",
      "integrity": "sha512-Ut4UaDnLPGrG0kKl/KHj4JdfvgIQLcQIBxgkSo8w6l2T2zIqE2qsMce42XiwZav2xyzi6WFArvc0RpOSKF8U7Q==",
      "license": "MIT",
      "engines": {
        "node": ">=10"
      }
    },
    "node_modules/lottie-web": {
      "version": "5.12.2",
      "resolved": "https://registry.npmjs.org/lottie-web/-/lottie-web-5.12.2.tgz",
      "integrity": "sha512-uvhvYPC8kGPjXT3MyKMrL3JitEAmDMp30lVkuq/590Mw9ok6pWcFCwXJveo0t5uqYw1UREQHofD+jVpdjBv8wg==",
      "license": "MIT"
    }
  }
}
